
Microsoft Visual Studio Solution File, Format Version 12.00
# Visual Studio Version 16
VisualStudioVersion = 16.0.30011.22
MinimumVisualStudioVersion = 10.0.40219.1
Project("{FAE04EC0-301F-11D3-BF4B-00C04F79EFBC}") = "Lab4_2", "Lab4_2\Lab4_2.csproj", "{B972A1E3-B510-4B73-90DF-6E31B24CA4E3}"
EndProject
Project("{2150E333-8FDC-42A3-9474-1A3956D46DE8}") = "Solution Items", "Solution Items", "{C751F712-2F31-483A-BE9F-A31474CBC1AB}"
	ProjectSection(SolutionItems) = preProject
		.travis.yml = .travis.yml
	EndProjectSection
EndProject
Global
	GlobalSection(SolutionConfigurationPlatforms) = preSolution
		Debug|Any CPU = Debug|Any CPU
		Release|Any CPU = Release|Any CPU
	EndGlobalSection
	GlobalSection(ProjectConfigurationPlatforms) = postSolution
		{B972A1E3-B510-4B73-90DF-6E31B24CA4E3}.Debug|Any CPU.ActiveCfg = Debug|Any CPU
		{B972A1E3-B510-4B73-90DF-6E31B24CA4E3}.Debug|Any CPU.Build.0 = Debug|Any CPU
		{B972A1E3-B510-4B73-90DF-6E31B24CA4E3}.Release|Any CPU.ActiveCfg = Release|Any CPU
		{B972A1E3-B510-4B73-90DF-6E31B24CA4E3}.Release|Any CPU.Build.0 = Release|Any CPU
	EndGlobalSection
	GlobalSection(SolutionProperties) = preSolution
		HideSolutionNode = FALSE
	EndGlobalSection
	GlobalSection(ExtensibilityGlobals) = postSolution
		SolutionGuid = {FFB18486-E443-45DB-BCA7-7F9D262CFDAD}
	EndGlobalSection
EndGlobal
